// !$*UTF8*$!
{
	archiveVersion = 1;
	classes = {
	};
	objectVersion = 70;
	objects = {

/* Begin PBXBuildFile section */
		5B01A99C2C8EBB8F0067773C /* Core in Frameworks */ = {isa = PBXBuildFile; productRef = 5B01A99B2C8EBB8F0067773C /* Core */; };
		5B6817B92C9CA2830033E875 /* Core in Frameworks */ = {isa = PBXBuildFile; productRef = 5B6817B82C9CA2830033E875 /* Core */; };
		5B955FCD2C8964C600FC2C8B /* CoreLocation.framework in Frameworks */ = {isa = PBXBuildFile; fileRef = 5B955FCC2C8964C600FC2C8B /* CoreLocation.framework */; };
		5B97CCC32C8BD2650067CFFF /* BottomSheet in Frameworks */ = {isa = PBXBuildFile; productRef = 5B97CCC22C8BD2650067CFFF /* BottomSheet */; };
		5B97CCC72C8BDD5E0067CFFF /* IndexView+PhotoMap.swift in Sources */ = {isa = PBXBuildFile; fileRef = 5B97CCC62C8BDD5E0067CFFF /* IndexView+PhotoMap.swift */; };
		5B97CCC92C8BDEF60067CFFF /* IndexView+PhotoList.swift in Sources */ = {isa = PBXBuildFile; fileRef = 5B97CCC82C8BDEF60067CFFF /* IndexView+PhotoList.swift */; };
		5B97CCCB2C8BFDF90067CFFF /* PhotoDetailView+DetailMap.swift in Sources */ = {isa = PBXBuildFile; fileRef = 5B97CCCA2C8BFDF90067CFFF /* PhotoDetailView+DetailMap.swift */; };
		5B9964B02C8A459000347354 /* PhotoDetailView.swift in Sources */ = {isa = PBXBuildFile; fileRef = 5B9964AF2C8A459000347354 /* PhotoDetailView.swift */; };
		5B9964B82C8A6E4600347354 /* PhotoDetailView+DetailRow.swift in Sources */ = {isa = PBXBuildFile; fileRef = 5B9964B72C8A6E4600347354 /* PhotoDetailView+DetailRow.swift */; };
		5BB86C4F2C9B926600D81390 /* Mini Watch App.app in Embed Watch Content */ = {isa = PBXBuildFile; fileRef = 5BB86C2C2C9B926400D81390 /* Mini Watch App.app */; settings = {ATTRIBUTES = (RemoveHeadersOnCopy, ); }; };
		5BD765352C9E6DE600C2DC45 /* ViewInspector in Frameworks */ = {isa = PBXBuildFile; productRef = 5BD765342C9E6DE600C2DC45 /* ViewInspector */; };
		5BFAE94C2C79566C003FE344 /* PhosterityApp.swift in Sources */ = {isa = PBXBuildFile; fileRef = 5BFAE94B2C79566C003FE344 /* PhosterityApp.swift */; };
		5BFAE94E2C79566C003FE344 /* IndexView.swift in Sources */ = {isa = PBXBuildFile; fileRef = 5BFAE94D2C79566C003FE344 /* IndexView.swift */; };
		5BFAE9522C79566D003FE344 /* Assets.xcassets in Resources */ = {isa = PBXBuildFile; fileRef = 5BFAE9512C79566D003FE344 /* Assets.xcassets */; };
		5BFAE9552C79566D003FE344 /* Preview Assets.xcassets in Resources */ = {isa = PBXBuildFile; fileRef = 5BFAE9542C79566D003FE344 /* Preview Assets.xcassets */; };
		5BFAE9692C79566D003FE344 /* PhosterityUITests.swift in Sources */ = {isa = PBXBuildFile; fileRef = 5BFAE9682C79566D003FE344 /* PhosterityUITests.swift */; };
/* End PBXBuildFile section */

/* Begin PBXContainerItemProxy section */
		5B762BE22C9E66750004E86C /* PBXContainerItemProxy */ = {
			isa = PBXContainerItemProxy;
			containerPortal = 5BFAE9402C79566C003FE344 /* Project object */;
			proxyType = 1;
			remoteGlobalIDString = 5BFAE9472C79566C003FE344;
			remoteInfo = Phosterity;
		};
		5BB86C3C2C9B926600D81390 /* PBXContainerItemProxy */ = {
			isa = PBXContainerItemProxy;
			containerPortal = 5BFAE9402C79566C003FE344 /* Project object */;
			proxyType = 1;
			remoteGlobalIDString = 5BB86C2B2C9B926400D81390;
			remoteInfo = "Mini Watch App";
		};
		5BB86C462C9B926600D81390 /* PBXContainerItemProxy */ = {
			isa = PBXContainerItemProxy;
			containerPortal = 5BFAE9402C79566C003FE344 /* Project object */;
			proxyType = 1;
			remoteGlobalIDString = 5BB86C2B2C9B926400D81390;
			remoteInfo = "Mini Watch App";
		};
		5BB86C4D2C9B926600D81390 /* PBXContainerItemProxy */ = {
			isa = PBXContainerItemProxy;
			containerPortal = 5BFAE9402C79566C003FE344 /* Project object */;
			proxyType = 1;
			remoteGlobalIDString = 5BB86C2B2C9B926400D81390;
			remoteInfo = "Mini Watch App";
		};
		5BFAE9652C79566D003FE344 /* PBXContainerItemProxy */ = {
			isa = PBXContainerItemProxy;
			containerPortal = 5BFAE9402C79566C003FE344 /* Project object */;
			proxyType = 1;
			remoteGlobalIDString = 5BFAE9472C79566C003FE344;
			remoteInfo = Phosterity;
		};
/* End PBXContainerItemProxy section */

/* Begin PBXCopyFilesBuildPhase section */
		5BB86C502C9B926600D81390 /* Embed Watch Content */ = {
			isa = PBXCopyFilesBuildPhase;
			buildActionMask = 2147483647;
			dstPath = "$(CONTENTS_FOLDER_PATH)/Watch";
			dstSubfolderSpec = 16;
			files = (
				5BB86C4F2C9B926600D81390 /* Mini Watch App.app in Embed Watch Content */,
			);
			name = "Embed Watch Content";
			runOnlyForDeploymentPostprocessing = 0;
		};
/* End PBXCopyFilesBuildPhase section */

/* Begin PBXFileReference section */
		5B01A99A2C8EB9FD0067773C /* Core */ = {isa = PBXFileReference; lastKnownFileType = wrapper; path = Core; sourceTree = "<group>"; };
		5B762BDE2C9E66750004E86C /* PhosterityTests.xctest */ = {isa = PBXFileReference; explicitFileType = wrapper.cfbundle; includeInIndex = 0; path = PhosterityTests.xctest; sourceTree = BUILT_PRODUCTS_DIR; };
		5B955FCA2C8961C300FC2C8B /* Info.plist */ = {isa = PBXFileReference; lastKnownFileType = text.plist; path = Info.plist; sourceTree = "<group>"; };
		5B955FCC2C8964C600FC2C8B /* CoreLocation.framework */ = {isa = PBXFileReference; lastKnownFileType = wrapper.framework; name = CoreLocation.framework; path = System/Library/Frameworks/CoreLocation.framework; sourceTree = SDKROOT; };
		5B97CCC62C8BDD5E0067CFFF /* IndexView+PhotoMap.swift */ = {isa = PBXFileReference; lastKnownFileType = sourcecode.swift; path = "IndexView+PhotoMap.swift"; sourceTree = "<group>"; };
		5B97CCC82C8BDEF60067CFFF /* IndexView+PhotoList.swift */ = {isa = PBXFileReference; lastKnownFileType = sourcecode.swift; path = "IndexView+PhotoList.swift"; sourceTree = "<group>"; };
		5B97CCCA2C8BFDF90067CFFF /* PhotoDetailView+DetailMap.swift */ = {isa = PBXFileReference; lastKnownFileType = sourcecode.swift; path = "PhotoDetailView+DetailMap.swift"; sourceTree = "<group>"; };
		5B9964AF2C8A459000347354 /* PhotoDetailView.swift */ = {isa = PBXFileReference; lastKnownFileType = sourcecode.swift; path = PhotoDetailView.swift; sourceTree = "<group>"; };
		5B9964B72C8A6E4600347354 /* PhotoDetailView+DetailRow.swift */ = {isa = PBXFileReference; lastKnownFileType = sourcecode.swift; path = "PhotoDetailView+DetailRow.swift"; sourceTree = "<group>"; };
		5BB86C2C2C9B926400D81390 /* Mini Watch App.app */ = {isa = PBXFileReference; explicitFileType = wrapper.application; includeInIndex = 0; path = "Mini Watch App.app"; sourceTree = BUILT_PRODUCTS_DIR; };
		5BB86C3B2C9B926600D81390 /* Mini Watch AppTests.xctest */ = {isa = PBXFileReference; explicitFileType = wrapper.cfbundle; includeInIndex = 0; path = "Mini Watch AppTests.xctest"; sourceTree = BUILT_PRODUCTS_DIR; };
		5BB86C452C9B926600D81390 /* Mini Watch AppUITests.xctest */ = {isa = PBXFileReference; explicitFileType = wrapper.cfbundle; includeInIndex = 0; path = "Mini Watch AppUITests.xctest"; sourceTree = BUILT_PRODUCTS_DIR; };
		5BD7652F2C9E6D6000C2DC45 /* Testing.framework */ = {isa = PBXFileReference; lastKnownFileType = wrapper.framework; name = Testing.framework; path = Platforms/iPhoneOS.platform/Developer/Library/Frameworks/Testing.framework; sourceTree = DEVELOPER_DIR; };
		5BFAE9482C79566C003FE344 /* Phosterity.app */ = {isa = PBXFileReference; explicitFileType = wrapper.application; includeInIndex = 0; path = Phosterity.app; sourceTree = BUILT_PRODUCTS_DIR; };
		5BFAE94B2C79566C003FE344 /* PhosterityApp.swift */ = {isa = PBXFileReference; lastKnownFileType = sourcecode.swift; path = PhosterityApp.swift; sourceTree = "<group>"; };
		5BFAE94D2C79566C003FE344 /* IndexView.swift */ = {isa = PBXFileReference; lastKnownFileType = sourcecode.swift; path = IndexView.swift; sourceTree = "<group>"; };
		5BFAE9512C79566D003FE344 /* Assets.xcassets */ = {isa = PBXFileReference; lastKnownFileType = folder.assetcatalog; path = Assets.xcassets; sourceTree = "<group>"; };
		5BFAE9542C79566D003FE344 /* Preview Assets.xcassets */ = {isa = PBXFileReference; lastKnownFileType = folder.assetcatalog; path = "Preview Assets.xcassets"; sourceTree = "<group>"; };
		5BFAE9642C79566D003FE344 /* PhosterityUITests.xctest */ = {isa = PBXFileReference; explicitFileType = wrapper.cfbundle; includeInIndex = 0; path = PhosterityUITests.xctest; sourceTree = BUILT_PRODUCTS_DIR; };
		5BFAE9682C79566D003FE344 /* PhosterityUITests.swift */ = {isa = PBXFileReference; lastKnownFileType = sourcecode.swift; path = PhosterityUITests.swift; sourceTree = "<group>"; };
/* End PBXFileReference section */

/* Begin PBXFileSystemSynchronizedRootGroup section */
		5B762BDF2C9E66750004E86C /* PhosterityTests */ = {isa = PBXFileSystemSynchronizedRootGroup; explicitFileTypes = {}; explicitFolders = (); path = PhosterityTests; sourceTree = "<group>"; };
		5BB86C2D2C9B926400D81390 /* Mini Watch App */ = {isa = PBXFileSystemSynchronizedRootGroup; explicitFileTypes = {}; explicitFolders = (); path = "Mini Watch App"; sourceTree = "<group>"; };
		5BB86C3E2C9B926600D81390 /* Mini Watch AppTests */ = {isa = PBXFileSystemSynchronizedRootGroup; explicitFileTypes = {}; explicitFolders = (); path = "Mini Watch AppTests"; sourceTree = "<group>"; };
		5BB86C482C9B926600D81390 /* Mini Watch AppUITests */ = {isa = PBXFileSystemSynchronizedRootGroup; explicitFileTypes = {}; explicitFolders = (); path = "Mini Watch AppUITests"; sourceTree = "<group>"; };
/* End PBXFileSystemSynchronizedRootGroup section */

/* Begin PBXFrameworksBuildPhase section */
		5B762BDB2C9E66750004E86C /* Frameworks */ = {
			isa = PBXFrameworksBuildPhase;
			buildActionMask = 2147483647;
			files = (
				5BD765352C9E6DE600C2DC45 /* ViewInspector in Frameworks */,
			);
			runOnlyForDeploymentPostprocessing = 0;
		};
		5BB86C292C9B926400D81390 /* Frameworks */ = {
			isa = PBXFrameworksBuildPhase;
			buildActionMask = 2147483647;
			files = (
				5B6817B92C9CA2830033E875 /* Core in Frameworks */,
			);
			runOnlyForDeploymentPostprocessing = 0;
		};
		5BB86C382C9B926600D81390 /* Frameworks */ = {
			isa = PBXFrameworksBuildPhase;
			buildActionMask = 2147483647;
			files = (
			);
			runOnlyForDeploymentPostprocessing = 0;
		};
		5BB86C422C9B926600D81390 /* Frameworks */ = {
			isa = PBXFrameworksBuildPhase;
			buildActionMask = 2147483647;
			files = (
			);
			runOnlyForDeploymentPostprocessing = 0;
		};
		5BFAE9452C79566C003FE344 /* Frameworks */ = {
			isa = PBXFrameworksBuildPhase;
			buildActionMask = 2147483647;
			files = (
				5B955FCD2C8964C600FC2C8B /* CoreLocation.framework in Frameworks */,
				5B97CCC32C8BD2650067CFFF /* BottomSheet in Frameworks */,
				5B01A99C2C8EBB8F0067773C /* Core in Frameworks */,
			);
			runOnlyForDeploymentPostprocessing = 0;
		};
		5BFAE9612C79566D003FE344 /* Frameworks */ = {
			isa = PBXFrameworksBuildPhase;
			buildActionMask = 2147483647;
			files = (
			);
			runOnlyForDeploymentPostprocessing = 0;
		};
/* End PBXFrameworksBuildPhase section */

/* Begin PBXGroup section */
		5B955FCB2C8964C600FC2C8B /* Frameworks */ = {
			isa = PBXGroup;
			children = (
				5BD7652F2C9E6D6000C2DC45 /* Testing.framework */,
				5B955FCC2C8964C600FC2C8B /* CoreLocation.framework */,
			);
			name = Frameworks;
			sourceTree = "<group>";
		};
		5B97CCC42C8BDCF30067CFFF /* PhotoDetail */ = {
			isa = PBXGroup;
			children = (
				5B9964AF2C8A459000347354 /* PhotoDetailView.swift */,
				5B9964B72C8A6E4600347354 /* PhotoDetailView+DetailRow.swift */,
				5B97CCCA2C8BFDF90067CFFF /* PhotoDetailView+DetailMap.swift */,
			);
			path = PhotoDetail;
			sourceTree = "<group>";
		};
		5B97CCC52C8BDD1B0067CFFF /* Index */ = {
			isa = PBXGroup;
			children = (
				5BFAE94D2C79566C003FE344 /* IndexView.swift */,
				5B97CCC62C8BDD5E0067CFFF /* IndexView+PhotoMap.swift */,
				5B97CCC82C8BDEF60067CFFF /* IndexView+PhotoList.swift */,
			);
			path = Index;
			sourceTree = "<group>";
		};
		5B9964B22C8A518600347354 /* Views */ = {
			isa = PBXGroup;
			children = (
				5B97CCC52C8BDD1B0067CFFF /* Index */,
				5B97CCC42C8BDCF30067CFFF /* PhotoDetail */,
			);
			path = Views;
			sourceTree = "<group>";
		};
		5BFAE93F2C79566C003FE344 = {
			isa = PBXGroup;
			children = (
				5B01A99A2C8EB9FD0067773C /* Core */,
				5B955FCB2C8964C600FC2C8B /* Frameworks */,
				5BB86C2D2C9B926400D81390 /* Mini Watch App */,
				5BB86C3E2C9B926600D81390 /* Mini Watch AppTests */,
				5BB86C482C9B926600D81390 /* Mini Watch AppUITests */,
				5BFAE94A2C79566C003FE344 /* Phosterity */,
				5B762BDF2C9E66750004E86C /* PhosterityTests */,
				5BFAE95D2C79566D003FE344 /* PhosterityTests */,
				5BFAE9672C79566D003FE344 /* PhosterityUITests */,
				5BFAE9492C79566C003FE344 /* Products */,
			);
			sourceTree = "<group>";
		};
		5BFAE9492C79566C003FE344 /* Products */ = {
			isa = PBXGroup;
			children = (
				5BFAE9482C79566C003FE344 /* Phosterity.app */,
				5BFAE9642C79566D003FE344 /* PhosterityUITests.xctest */,
				5BB86C2C2C9B926400D81390 /* Mini Watch App.app */,
				5BB86C3B2C9B926600D81390 /* Mini Watch AppTests.xctest */,
				5BB86C452C9B926600D81390 /* Mini Watch AppUITests.xctest */,
				5B762BDE2C9E66750004E86C /* PhosterityTests.xctest */,
			);
			name = Products;
			sourceTree = "<group>";
		};
		5BFAE94A2C79566C003FE344 /* Phosterity */ = {
			isa = PBXGroup;
			children = (
				5BFAE9512C79566D003FE344 /* Assets.xcassets */,
				5B955FCA2C8961C300FC2C8B /* Info.plist */,
				5BFAE94B2C79566C003FE344 /* PhosterityApp.swift */,
				5BFAE9532C79566D003FE344 /* Preview Content */,
				5B9964B22C8A518600347354 /* Views */,
			);
			path = Phosterity;
			sourceTree = "<group>";
		};
		5BFAE9532C79566D003FE344 /* Preview Content */ = {
			isa = PBXGroup;
			children = (
				5BFAE9542C79566D003FE344 /* Preview Assets.xcassets */,
			);
			path = "Preview Content";
			sourceTree = "<group>";
		};
		5BFAE95D2C79566D003FE344 /* PhosterityTests */ = {
			isa = PBXGroup;
			children = (
			);
			path = PhosterityTests;
			sourceTree = "<group>";
		};
		5BFAE9672C79566D003FE344 /* PhosterityUITests */ = {
			isa = PBXGroup;
			children = (
				5BFAE9682C79566D003FE344 /* PhosterityUITests.swift */,
			);
			path = PhosterityUITests;
			sourceTree = "<group>";
		};
/* End PBXGroup section */

/* Begin PBXNativeTarget section */
		5B762BDD2C9E66750004E86C /* PhosterityTests */ = {
			isa = PBXNativeTarget;
			buildConfigurationList = 5B762BE42C9E66750004E86C /* Build configuration list for PBXNativeTarget "PhosterityTests" */;
			buildPhases = (
				5B762BDA2C9E66750004E86C /* Sources */,
				5B762BDB2C9E66750004E86C /* Frameworks */,
				5B762BDC2C9E66750004E86C /* Resources */,
			);
			buildRules = (
			);
			dependencies = (
				5B762BE32C9E66750004E86C /* PBXTargetDependency */,
			);
			fileSystemSynchronizedGroups = (
				5B762BDF2C9E66750004E86C /* PhosterityTests */,
			);
			name = PhosterityTests;
			packageProductDependencies = (
				5BD765342C9E6DE600C2DC45 /* ViewInspector */,
			);
			productName = PhosterityTests;
			productReference = 5B762BDE2C9E66750004E86C /* PhosterityTests.xctest */;
			productType = "com.apple.product-type.bundle.unit-test";
		};
		5BB86C2B2C9B926400D81390 /* Mini Watch App */ = {
			isa = PBXNativeTarget;
			buildConfigurationList = 5BB86C572C9B926600D81390 /* Build configuration list for PBXNativeTarget "Mini Watch App" */;
			buildPhases = (
				5BB86C282C9B926400D81390 /* Sources */,
				5BB86C292C9B926400D81390 /* Frameworks */,
				5BB86C2A2C9B926400D81390 /* Resources */,
			);
			buildRules = (
			);
			dependencies = (
				5BE429EF2C9E596E0001AA29 /* PBXTargetDependency */,
			);
			fileSystemSynchronizedGroups = (
				5BB86C2D2C9B926400D81390 /* Mini Watch App */,
			);
			name = "Mini Watch App";
			packageProductDependencies = (
				5B6817B82C9CA2830033E875 /* Core */,
			);
			productName = "Mini Watch App";
			productReference = 5BB86C2C2C9B926400D81390 /* Mini Watch App.app */;
			productType = "com.apple.product-type.application";
		};
		5BB86C3A2C9B926600D81390 /* Mini Watch AppTests */ = {
			isa = PBXNativeTarget;
			buildConfigurationList = 5BB86C582C9B926600D81390 /* Build configuration list for PBXNativeTarget "Mini Watch AppTests" */;
			buildPhases = (
				5BB86C372C9B926600D81390 /* Sources */,
				5BB86C382C9B926600D81390 /* Frameworks */,
				5BB86C392C9B926600D81390 /* Resources */,
			);
			buildRules = (
			);
			dependencies = (
				5B762BD72C9E5E180004E86C /* PBXTargetDependency */,
				5BB86C3D2C9B926600D81390 /* PBXTargetDependency */,
			);
			fileSystemSynchronizedGroups = (
				5BB86C3E2C9B926600D81390 /* Mini Watch AppTests */,
			);
			name = "Mini Watch AppTests";
			packageProductDependencies = (
			);
			productName = "Mini Watch AppTests";
			productReference = 5BB86C3B2C9B926600D81390 /* Mini Watch AppTests.xctest */;
			productType = "com.apple.product-type.bundle.unit-test";
		};
		5BB86C442C9B926600D81390 /* Mini Watch AppUITests */ = {
			isa = PBXNativeTarget;
			buildConfigurationList = 5BB86C592C9B926600D81390 /* Build configuration list for PBXNativeTarget "Mini Watch AppUITests" */;
			buildPhases = (
				5BB86C412C9B926600D81390 /* Sources */,
				5BB86C422C9B926600D81390 /* Frameworks */,
				5BB86C432C9B926600D81390 /* Resources */,
			);
			buildRules = (
			);
			dependencies = (
				5B762BD92C9E5E1C0004E86C /* PBXTargetDependency */,
				5BB86C472C9B926600D81390 /* PBXTargetDependency */,
			);
			fileSystemSynchronizedGroups = (
				5BB86C482C9B926600D81390 /* Mini Watch AppUITests */,
			);
			name = "Mini Watch AppUITests";
			packageProductDependencies = (
			);
			productName = "Mini Watch AppUITests";
			productReference = 5BB86C452C9B926600D81390 /* Mini Watch AppUITests.xctest */;
			productType = "com.apple.product-type.bundle.ui-testing";
		};
		5BFAE9472C79566C003FE344 /* Phosterity */ = {
			isa = PBXNativeTarget;
			buildConfigurationList = 5BFAE96E2C79566D003FE344 /* Build configuration list for PBXNativeTarget "Phosterity" */;
			buildPhases = (
				5BFAE9442C79566C003FE344 /* Sources */,
				5BFAE9452C79566C003FE344 /* Frameworks */,
				5BFAE9462C79566C003FE344 /* Resources */,
				5BB86C502C9B926600D81390 /* Embed Watch Content */,
			);
			buildRules = (
			);
			dependencies = (
				5B9964B52C8A64CE00347354 /* PBXTargetDependency */,
				5BB86C4E2C9B926600D81390 /* PBXTargetDependency */,
			);
			name = Phosterity;
			packageProductDependencies = (
				5B97CCC22C8BD2650067CFFF /* BottomSheet */,
				5B01A99B2C8EBB8F0067773C /* Core */,
			);
			productName = Phosterity;
			productReference = 5BFAE9482C79566C003FE344 /* Phosterity.app */;
			productType = "com.apple.product-type.application";
		};
		5BFAE9632C79566D003FE344 /* PhosterityUITests */ = {
			isa = PBXNativeTarget;
			buildConfigurationList = 5BFAE9742C79566D003FE344 /* Build configuration list for PBXNativeTarget "PhosterityUITests" */;
			buildPhases = (
				5BFAE9602C79566D003FE344 /* Sources */,
				5BFAE9612C79566D003FE344 /* Frameworks */,
				5BFAE9622C79566D003FE344 /* Resources */,
			);
			buildRules = (
			);
			dependencies = (
				5B762BD32C9E5E0D0004E86C /* PBXTargetDependency */,
				5BFAE9662C79566D003FE344 /* PBXTargetDependency */,
			);
			name = PhosterityUITests;
			productName = PhosterityUITests;
			productReference = 5BFAE9642C79566D003FE344 /* PhosterityUITests.xctest */;
			productType = "com.apple.product-type.bundle.ui-testing";
		};
/* End PBXNativeTarget section */

/* Begin PBXProject section */
		5BFAE9402C79566C003FE344 /* Project object */ = {
			isa = PBXProject;
			attributes = {
				BuildIndependentTargetsInParallel = 1;
				LastSwiftUpdateCheck = 1600;
				LastUpgradeCheck = 1540;
				TargetAttributes = {
					5B762BDD2C9E66750004E86C = {
						CreatedOnToolsVersion = 16.0;
						TestTargetID = 5BFAE9472C79566C003FE344;
					};
					5BB86C2B2C9B926400D81390 = {
						CreatedOnToolsVersion = 16.0;
					};
					5BB86C3A2C9B926600D81390 = {
						CreatedOnToolsVersion = 16.0;
						TestTargetID = 5BB86C2B2C9B926400D81390;
					};
					5BB86C442C9B926600D81390 = {
						CreatedOnToolsVersion = 16.0;
						TestTargetID = 5BB86C2B2C9B926400D81390;
					};
					5BFAE9472C79566C003FE344 = {
						CreatedOnToolsVersion = 15.4;
					};
					5BFAE9632C79566D003FE344 = {
						CreatedOnToolsVersion = 15.4;
						TestTargetID = 5BFAE9472C79566C003FE344;
					};
				};
			};
			buildConfigurationList = 5BFAE9432C79566C003FE344 /* Build configuration list for PBXProject "Phosterity" */;
			compatibilityVersion = "Xcode 14.0";
			developmentRegion = en;
			hasScannedForEncodings = 0;
			knownRegions = (
				en,
				Base,
			);
			mainGroup = 5BFAE93F2C79566C003FE344;
			packageReferences = (
				5B9964B32C8A645700347354 /* XCRemoteSwiftPackageReference "SwiftLintPlugins" */,
				5B97CCC12C8BD2230067CFFF /* XCRemoteSwiftPackageReference "BottomSheet" */,
				5BD765332C9E6DE600C2DC45 /* XCRemoteSwiftPackageReference "ViewInspector" */,
			);
			productRefGroup = 5BFAE9492C79566C003FE344 /* Products */;
			projectDirPath = "";
			projectRoot = "";
			targets = (
				5BFAE9472C79566C003FE344 /* Phosterity */,
				5B762BDD2C9E66750004E86C /* PhosterityTests */,
				5BFAE9632C79566D003FE344 /* PhosterityUITests */,
				5BB86C2B2C9B926400D81390 /* Mini Watch App */,
				5BB86C3A2C9B926600D81390 /* Mini Watch AppTests */,
				5BB86C442C9B926600D81390 /* Mini Watch AppUITests */,
			);
		};
/* End PBXProject section */

/* Begin PBXResourcesBuildPhase section */
		5B762BDC2C9E66750004E86C /* Resources */ = {
			isa = PBXResourcesBuildPhase;
			buildActionMask = 2147483647;
			files = (
			);
			runOnlyForDeploymentPostprocessing = 0;
		};
		5BB86C2A2C9B926400D81390 /* Resources */ = {
			isa = PBXResourcesBuildPhase;
			buildActionMask = 2147483647;
			files = (
			);
			runOnlyForDeploymentPostprocessing = 0;
		};
		5BB86C392C9B926600D81390 /* Resources */ = {
			isa = PBXResourcesBuildPhase;
			buildActionMask = 2147483647;
			files = (
			);
			runOnlyForDeploymentPostprocessing = 0;
		};
		5BB86C432C9B926600D81390 /* Resources */ = {
			isa = PBXResourcesBuildPhase;
			buildActionMask = 2147483647;
			files = (
			);
			runOnlyForDeploymentPostprocessing = 0;
		};
		5BFAE9462C79566C003FE344 /* Resources */ = {
			isa = PBXResourcesBuildPhase;
			buildActionMask = 2147483647;
			files = (
				5BFAE9552C79566D003FE344 /* Preview Assets.xcassets in Resources */,
				5BFAE9522C79566D003FE344 /* Assets.xcassets in Resources */,
			);
			runOnlyForDeploymentPostprocessing = 0;
		};
		5BFAE9622C79566D003FE344 /* Resources */ = {
			isa = PBXResourcesBuildPhase;
			buildActionMask = 2147483647;
			files = (
			);
			runOnlyForDeploymentPostprocessing = 0;
		};
/* End PBXResourcesBuildPhase section */

/* Begin PBXSourcesBuildPhase section */
		5B762BDA2C9E66750004E86C /* Sources */ = {
			isa = PBXSourcesBuildPhase;
			buildActionMask = 2147483647;
			files = (
			);
			runOnlyForDeploymentPostprocessing = 0;
		};
		5BB86C282C9B926400D81390 /* Sources */ = {
			isa = PBXSourcesBuildPhase;
			buildActionMask = 2147483647;
			files = (
			);
			runOnlyForDeploymentPostprocessing = 0;
		};
		5BB86C372C9B926600D81390 /* Sources */ = {
			isa = PBXSourcesBuildPhase;
			buildActionMask = 2147483647;
			files = (
			);
			runOnlyForDeploymentPostprocessing = 0;
		};
		5BB86C412C9B926600D81390 /* Sources */ = {
			isa = PBXSourcesBuildPhase;
			buildActionMask = 2147483647;
			files = (
			);
			runOnlyForDeploymentPostprocessing = 0;
		};
		5BFAE9442C79566C003FE344 /* Sources */ = {
			isa = PBXSourcesBuildPhase;
			buildActionMask = 2147483647;
			files = (
				5B97CCCB2C8BFDF90067CFFF /* PhotoDetailView+DetailMap.swift in Sources */,
				5B97CCC92C8BDEF60067CFFF /* IndexView+PhotoList.swift in Sources */,
				5B9964B02C8A459000347354 /* PhotoDetailView.swift in Sources */,
				5B9964B82C8A6E4600347354 /* PhotoDetailView+DetailRow.swift in Sources */,
				5B97CCC72C8BDD5E0067CFFF /* IndexView+PhotoMap.swift in Sources */,
				5BFAE94E2C79566C003FE344 /* IndexView.swift in Sources */,
				5BFAE94C2C79566C003FE344 /* PhosterityApp.swift in Sources */,
			);
			runOnlyForDeploymentPostprocessing = 0;
		};
		5BFAE9602C79566D003FE344 /* Sources */ = {
			isa = PBXSourcesBuildPhase;
			buildActionMask = 2147483647;
			files = (
				5BFAE9692C79566D003FE344 /* PhosterityUITests.swift in Sources */,
			);
			runOnlyForDeploymentPostprocessing = 0;
		};
/* End PBXSourcesBuildPhase section */

/* Begin PBXTargetDependency section */
		5B762BD32C9E5E0D0004E86C /* PBXTargetDependency */ = {
			isa = PBXTargetDependency;
			productRef = 5B762BD22C9E5E0D0004E86C /* SwiftLintBuildToolPlugin */;
		};
		5B762BD72C9E5E180004E86C /* PBXTargetDependency */ = {
			isa = PBXTargetDependency;
			productRef = 5B762BD62C9E5E180004E86C /* SwiftLintBuildToolPlugin */;
		};
		5B762BD92C9E5E1C0004E86C /* PBXTargetDependency */ = {
			isa = PBXTargetDependency;
			productRef = 5B762BD82C9E5E1C0004E86C /* SwiftLintBuildToolPlugin */;
		};
		5B762BE32C9E66750004E86C /* PBXTargetDependency */ = {
			isa = PBXTargetDependency;
			target = 5BFAE9472C79566C003FE344 /* Phosterity */;
			targetProxy = 5B762BE22C9E66750004E86C /* PBXContainerItemProxy */;
		};
		5B9964B52C8A64CE00347354 /* PBXTargetDependency */ = {
			isa = PBXTargetDependency;
			productRef = 5B9964B42C8A64CE00347354 /* SwiftLintBuildToolPlugin */;
		};
		5BB86C3D2C9B926600D81390 /* PBXTargetDependency */ = {
			isa = PBXTargetDependency;
			target = 5BB86C2B2C9B926400D81390 /* Mini Watch App */;
			targetProxy = 5BB86C3C2C9B926600D81390 /* PBXContainerItemProxy */;
		};
		5BB86C472C9B926600D81390 /* PBXTargetDependency */ = {
			isa = PBXTargetDependency;
			target = 5BB86C2B2C9B926400D81390 /* Mini Watch App */;
			targetProxy = 5BB86C462C9B926600D81390 /* PBXContainerItemProxy */;
		};
		5BB86C4E2C9B926600D81390 /* PBXTargetDependency */ = {
			isa = PBXTargetDependency;
			target = 5BB86C2B2C9B926400D81390 /* Mini Watch App */;
			targetProxy = 5BB86C4D2C9B926600D81390 /* PBXContainerItemProxy */;
		};
		5BE429EF2C9E596E0001AA29 /* PBXTargetDependency */ = {
			isa = PBXTargetDependency;
			productRef = 5BE429EE2C9E596E0001AA29 /* SwiftLintBuildToolPlugin */;
		};
		5BFAE9662C79566D003FE344 /* PBXTargetDependency */ = {
			isa = PBXTargetDependency;
			target = 5BFAE9472C79566C003FE344 /* Phosterity */;
			targetProxy = 5BFAE9652C79566D003FE344 /* PBXContainerItemProxy */;
		};
/* End PBXTargetDependency section */

/* Begin XCBuildConfiguration section */
		5B762BE52C9E66750004E86C /* Debug */ = {
			isa = XCBuildConfiguration;
			buildSettings = {
				BUNDLE_LOADER = "$(TEST_HOST)";
				CODE_SIGN_STYLE = Automatic;
				CURRENT_PROJECT_VERSION = 1;
				DEVELOPMENT_TEAM = M2X7LT3N36;
				GENERATE_INFOPLIST_FILE = YES;
				IPHONEOS_DEPLOYMENT_TARGET = 18.0;
				MARKETING_VERSION = 1.0;
				PRODUCT_BUNDLE_IDENTIFIER = com.tegandbiscuits.PhosterityTests;
				PRODUCT_NAME = "$(TARGET_NAME)";
				SWIFT_EMIT_LOC_STRINGS = NO;
				SWIFT_VERSION = 5.0;
				TARGETED_DEVICE_FAMILY = "1,2";
				TEST_HOST = "$(BUILT_PRODUCTS_DIR)/Phosterity.app/$(BUNDLE_EXECUTABLE_FOLDER_PATH)/Phosterity";
			};
			name = Debug;
		};
		5B762BE62C9E66750004E86C /* Release */ = {
			isa = XCBuildConfiguration;
			buildSettings = {
				BUNDLE_LOADER = "$(TEST_HOST)";
				CODE_SIGN_STYLE = Automatic;
				CURRENT_PROJECT_VERSION = 1;
				DEVELOPMENT_TEAM = M2X7LT3N36;
				GENERATE_INFOPLIST_FILE = YES;
				IPHONEOS_DEPLOYMENT_TARGET = 18.0;
				MARKETING_VERSION = 1.0;
				PRODUCT_BUNDLE_IDENTIFIER = com.tegandbiscuits.PhosterityTests;
				PRODUCT_NAME = "$(TARGET_NAME)";
				SWIFT_EMIT_LOC_STRINGS = NO;
				SWIFT_VERSION = 5.0;
				TARGETED_DEVICE_FAMILY = "1,2";
				TEST_HOST = "$(BUILT_PRODUCTS_DIR)/Phosterity.app/$(BUNDLE_EXECUTABLE_FOLDER_PATH)/Phosterity";
			};
			name = Release;
		};
		5BB86C512C9B926600D81390 /* Debug */ = {
			isa = XCBuildConfiguration;
			buildSettings = {
				ASSETCATALOG_COMPILER_APPICON_NAME = AppIcon;
				ASSETCATALOG_COMPILER_GLOBAL_ACCENT_COLOR_NAME = AccentColor;
				CODE_SIGN_STYLE = Automatic;
				CURRENT_PROJECT_VERSION = 1;
				DEVELOPMENT_ASSET_PATHS = "\"Mini Watch App/Preview Content\"";
				DEVELOPMENT_TEAM = M2X7LT3N36;
				ENABLE_PREVIEWS = YES;
				GENERATE_INFOPLIST_FILE = YES;
				INFOPLIST_KEY_CFBundleDisplayName = Mini;
				INFOPLIST_KEY_UISupportedInterfaceOrientations = "UIInterfaceOrientationPortrait UIInterfaceOrientationPortraitUpsideDown";
				INFOPLIST_KEY_WKCompanionAppBundleIdentifier = com.tegandbiscuits.phosterity;
				LD_RUNPATH_SEARCH_PATHS = (
					"$(inherited)",
					"@executable_path/Frameworks",
				);
				MARKETING_VERSION = 1.0;
				PRODUCT_BUNDLE_IDENTIFIER = com.tegandbiscuits.phosterity.watchkitapp;
				PRODUCT_NAME = "$(TARGET_NAME)";
				SDKROOT = watchos;
				SKIP_INSTALL = YES;
				SWIFT_EMIT_LOC_STRINGS = YES;
				SWIFT_VERSION = 5.0;
				TARGETED_DEVICE_FAMILY = 4;
				WATCHOS_DEPLOYMENT_TARGET = 11.0;
			};
			name = Debug;
		};
		5BB86C522C9B926600D81390 /* Release */ = {
			isa = XCBuildConfiguration;
			buildSettings = {
				ASSETCATALOG_COMPILER_APPICON_NAME = AppIcon;
				ASSETCATALOG_COMPILER_GLOBAL_ACCENT_COLOR_NAME = AccentColor;
				CODE_SIGN_STYLE = Automatic;
				CURRENT_PROJECT_VERSION = 1;
				DEVELOPMENT_ASSET_PATHS = "\"Mini Watch App/Preview Content\"";
				DEVELOPMENT_TEAM = M2X7LT3N36;
				ENABLE_PREVIEWS = YES;
				GENERATE_INFOPLIST_FILE = YES;
				INFOPLIST_KEY_CFBundleDisplayName = Mini;
				INFOPLIST_KEY_UISupportedInterfaceOrientations = "UIInterfaceOrientationPortrait UIInterfaceOrientationPortraitUpsideDown";
				INFOPLIST_KEY_WKCompanionAppBundleIdentifier = com.tegandbiscuits.phosterity;
				LD_RUNPATH_SEARCH_PATHS = (
					"$(inherited)",
					"@executable_path/Frameworks",
				);
				MARKETING_VERSION = 1.0;
				PRODUCT_BUNDLE_IDENTIFIER = com.tegandbiscuits.phosterity.watchkitapp;
				PRODUCT_NAME = "$(TARGET_NAME)";
				SDKROOT = watchos;
				SKIP_INSTALL = YES;
				SWIFT_EMIT_LOC_STRINGS = YES;
				SWIFT_VERSION = 5.0;
				TARGETED_DEVICE_FAMILY = 4;
				WATCHOS_DEPLOYMENT_TARGET = 11.0;
			};
			name = Release;
		};
		5BB86C532C9B926600D81390 /* Debug */ = {
			isa = XCBuildConfiguration;
			buildSettings = {
				BUNDLE_LOADER = "$(TEST_HOST)";
				CODE_SIGN_STYLE = Automatic;
				CURRENT_PROJECT_VERSION = 1;
				DEVELOPMENT_TEAM = M2X7LT3N36;
				GENERATE_INFOPLIST_FILE = YES;
				MARKETING_VERSION = 1.0;
				PRODUCT_BUNDLE_IDENTIFIER = "com.tegandbiscuits.Phosterity.Mini-Watch-AppTests";
				PRODUCT_NAME = "$(TARGET_NAME)";
				SDKROOT = watchos;
				SWIFT_EMIT_LOC_STRINGS = NO;
				SWIFT_VERSION = 5.0;
				TARGETED_DEVICE_FAMILY = 4;
				TEST_HOST = "$(BUILT_PRODUCTS_DIR)/Mini Watch App.app/$(BUNDLE_EXECUTABLE_FOLDER_PATH)/Mini Watch App";
				WATCHOS_DEPLOYMENT_TARGET = 11.0;
			};
			name = Debug;
		};
		5BB86C542C9B926600D81390 /* Release */ = {
			isa = XCBuildConfiguration;
			buildSettings = {
				BUNDLE_LOADER = "$(TEST_HOST)";
				CODE_SIGN_STYLE = Automatic;
				CURRENT_PROJECT_VERSION = 1;
				DEVELOPMENT_TEAM = M2X7LT3N36;
				GENERATE_INFOPLIST_FILE = YES;
				MARKETING_VERSION = 1.0;
				PRODUCT_BUNDLE_IDENTIFIER = "com.tegandbiscuits.Phosterity.Mini-Watch-AppTests";
				PRODUCT_NAME = "$(TARGET_NAME)";
				SDKROOT = watchos;
				SWIFT_EMIT_LOC_STRINGS = NO;
				SWIFT_VERSION = 5.0;
				TARGETED_DEVICE_FAMILY = 4;
				TEST_HOST = "$(BUILT_PRODUCTS_DIR)/Mini Watch App.app/$(BUNDLE_EXECUTABLE_FOLDER_PATH)/Mini Watch App";
				WATCHOS_DEPLOYMENT_TARGET = 11.0;
			};
			name = Release;
		};
		5BB86C552C9B926600D81390 /* Debug */ = {
			isa = XCBuildConfiguration;
			buildSettings = {
				CODE_SIGN_STYLE = Automatic;
				CURRENT_PROJECT_VERSION = 1;
				DEVELOPMENT_TEAM = M2X7LT3N36;
				GENERATE_INFOPLIST_FILE = YES;
				MARKETING_VERSION = 1.0;
				PRODUCT_BUNDLE_IDENTIFIER = "com.tegandbiscuits.Phosterity.Mini-Watch-AppUITests";
				PRODUCT_NAME = "$(TARGET_NAME)";
				SDKROOT = watchos;
				SWIFT_EMIT_LOC_STRINGS = NO;
				SWIFT_VERSION = 5.0;
				TARGETED_DEVICE_FAMILY = 4;
				TEST_TARGET_NAME = "Mini Watch App";
				WATCHOS_DEPLOYMENT_TARGET = 11.0;
			};
			name = Debug;
		};
		5BB86C562C9B926600D81390 /* Release */ = {
			isa = XCBuildConfiguration;
			buildSettings = {
				CODE_SIGN_STYLE = Automatic;
				CURRENT_PROJECT_VERSION = 1;
				DEVELOPMENT_TEAM = M2X7LT3N36;
				GENERATE_INFOPLIST_FILE = YES;
				MARKETING_VERSION = 1.0;
				PRODUCT_BUNDLE_IDENTIFIER = "com.tegandbiscuits.Phosterity.Mini-Watch-AppUITests";
				PRODUCT_NAME = "$(TARGET_NAME)";
				SDKROOT = watchos;
				SWIFT_EMIT_LOC_STRINGS = NO;
				SWIFT_VERSION = 5.0;
				TARGETED_DEVICE_FAMILY = 4;
				TEST_TARGET_NAME = "Mini Watch App";
				WATCHOS_DEPLOYMENT_TARGET = 11.0;
			};
			name = Release;
		};
		5BFAE96C2C79566D003FE344 /* Debug */ = {
			isa = XCBuildConfiguration;
			buildSettings = {
				ALWAYS_SEARCH_USER_PATHS = NO;
				ASSETCATALOG_COMPILER_GENERATE_SWIFT_ASSET_SYMBOL_EXTENSIONS = YES;
				CLANG_ANALYZER_NONNULL = YES;
				CLANG_ANALYZER_NUMBER_OBJECT_CONVERSION = YES_AGGRESSIVE;
				CLANG_CXX_LANGUAGE_STANDARD = "gnu++20";
				CLANG_ENABLE_MODULES = YES;
				CLANG_ENABLE_OBJC_ARC = YES;
				CLANG_ENABLE_OBJC_WEAK = YES;
				CLANG_WARN_BLOCK_CAPTURE_AUTORELEASING = YES;
				CLANG_WARN_BOOL_CONVERSION = YES;
				CLANG_WARN_COMMA = YES;
				CLANG_WARN_CONSTANT_CONVERSION = YES;
				CLANG_WARN_DEPRECATED_OBJC_IMPLEMENTATIONS = YES;
				CLANG_WARN_DIRECT_OBJC_ISA_USAGE = YES_ERROR;
				CLANG_WARN_DOCUMENTATION_COMMENTS = YES;
				CLANG_WARN_EMPTY_BODY = YES;
				CLANG_WARN_ENUM_CONVERSION = YES;
				CLANG_WARN_INFINITE_RECURSION = YES;
				CLANG_WARN_INT_CONVERSION = YES;
				CLANG_WARN_NON_LITERAL_NULL_CONVERSION = YES;
				CLANG_WARN_OBJC_IMPLICIT_RETAIN_SELF = YES;
				CLANG_WARN_OBJC_LITERAL_CONVERSION = YES;
				CLANG_WARN_OBJC_ROOT_CLASS = YES_ERROR;
				CLANG_WARN_QUOTED_INCLUDE_IN_FRAMEWORK_HEADER = YES;
				CLANG_WARN_RANGE_LOOP_ANALYSIS = YES;
				CLANG_WARN_STRICT_PROTOTYPES = YES;
				CLANG_WARN_SUSPICIOUS_MOVE = YES;
				CLANG_WARN_UNGUARDED_AVAILABILITY = YES_AGGRESSIVE;
				CLANG_WARN_UNREACHABLE_CODE = YES;
				CLANG_WARN__DUPLICATE_METHOD_MATCH = YES;
				COPY_PHASE_STRIP = NO;
				DEBUG_INFORMATION_FORMAT = dwarf;
				ENABLE_STRICT_OBJC_MSGSEND = YES;
				ENABLE_TESTABILITY = YES;
				ENABLE_USER_SCRIPT_SANDBOXING = YES;
				GCC_C_LANGUAGE_STANDARD = gnu17;
				GCC_DYNAMIC_NO_PIC = NO;
				GCC_NO_COMMON_BLOCKS = YES;
				GCC_OPTIMIZATION_LEVEL = 0;
				GCC_PREPROCESSOR_DEFINITIONS = (
					"DEBUG=1",
					"$(inherited)",
				);
				GCC_WARN_64_TO_32_BIT_CONVERSION = YES;
				GCC_WARN_ABOUT_RETURN_TYPE = YES_ERROR;
				GCC_WARN_UNDECLARED_SELECTOR = YES;
				GCC_WARN_UNINITIALIZED_AUTOS = YES_AGGRESSIVE;
				GCC_WARN_UNUSED_FUNCTION = YES;
				GCC_WARN_UNUSED_VARIABLE = YES;
				IPHONEOS_DEPLOYMENT_TARGET = 17.5;
				LOCALIZATION_PREFERS_STRING_CATALOGS = YES;
				MTL_ENABLE_DEBUG_INFO = INCLUDE_SOURCE;
				MTL_FAST_MATH = YES;
				ONLY_ACTIVE_ARCH = YES;
				SDKROOT = iphoneos;
				SWIFT_ACTIVE_COMPILATION_CONDITIONS = "DEBUG $(inherited)";
				SWIFT_OPTIMIZATION_LEVEL = "-Onone";
			};
			name = Debug;
		};
		5BFAE96D2C79566D003FE344 /* Release */ = {
			isa = XCBuildConfiguration;
			buildSettings = {
				ALWAYS_SEARCH_USER_PATHS = NO;
				ASSETCATALOG_COMPILER_GENERATE_SWIFT_ASSET_SYMBOL_EXTENSIONS = YES;
				CLANG_ANALYZER_NONNULL = YES;
				CLANG_ANALYZER_NUMBER_OBJECT_CONVERSION = YES_AGGRESSIVE;
				CLANG_CXX_LANGUAGE_STANDARD = "gnu++20";
				CLANG_ENABLE_MODULES = YES;
				CLANG_ENABLE_OBJC_ARC = YES;
				CLANG_ENABLE_OBJC_WEAK = YES;
				CLANG_WARN_BLOCK_CAPTURE_AUTORELEASING = YES;
				CLANG_WARN_BOOL_CONVERSION = YES;
				CLANG_WARN_COMMA = YES;
				CLANG_WARN_CONSTANT_CONVERSION = YES;
				CLANG_WARN_DEPRECATED_OBJC_IMPLEMENTATIONS = YES;
				CLANG_WARN_DIRECT_OBJC_ISA_USAGE = YES_ERROR;
				CLANG_WARN_DOCUMENTATION_COMMENTS = YES;
				CLANG_WARN_EMPTY_BODY = YES;
				CLANG_WARN_ENUM_CONVERSION = YES;
				CLANG_WARN_INFINITE_RECURSION = YES;
				CLANG_WARN_INT_CONVERSION = YES;
				CLANG_WARN_NON_LITERAL_NULL_CONVERSION = YES;
				CLANG_WARN_OBJC_IMPLICIT_RETAIN_SELF = YES;
				CLANG_WARN_OBJC_LITERAL_CONVERSION = YES;
				CLANG_WARN_OBJC_ROOT_CLASS = YES_ERROR;
				CLANG_WARN_QUOTED_INCLUDE_IN_FRAMEWORK_HEADER = YES;
				CLANG_WARN_RANGE_LOOP_ANALYSIS = YES;
				CLANG_WARN_STRICT_PROTOTYPES = YES;
				CLANG_WARN_SUSPICIOUS_MOVE = YES;
				CLANG_WARN_UNGUARDED_AVAILABILITY = YES_AGGRESSIVE;
				CLANG_WARN_UNREACHABLE_CODE = YES;
				CLANG_WARN__DUPLICATE_METHOD_MATCH = YES;
				COPY_PHASE_STRIP = NO;
				DEBUG_INFORMATION_FORMAT = "dwarf-with-dsym";
				ENABLE_NS_ASSERTIONS = NO;
				ENABLE_STRICT_OBJC_MSGSEND = YES;
				ENABLE_USER_SCRIPT_SANDBOXING = YES;
				GCC_C_LANGUAGE_STANDARD = gnu17;
				GCC_NO_COMMON_BLOCKS = YES;
				GCC_WARN_64_TO_32_BIT_CONVERSION = YES;
				GCC_WARN_ABOUT_RETURN_TYPE = YES_ERROR;
				GCC_WARN_UNDECLARED_SELECTOR = YES;
				GCC_WARN_UNINITIALIZED_AUTOS = YES_AGGRESSIVE;
				GCC_WARN_UNUSED_FUNCTION = YES;
				GCC_WARN_UNUSED_VARIABLE = YES;
				IPHONEOS_DEPLOYMENT_TARGET = 17.5;
				LOCALIZATION_PREFERS_STRING_CATALOGS = YES;
				MTL_ENABLE_DEBUG_INFO = NO;
				MTL_FAST_MATH = YES;
				SDKROOT = iphoneos;
				SWIFT_COMPILATION_MODE = wholemodule;
				VALIDATE_PRODUCT = YES;
			};
			name = Release;
		};
		5BFAE96F2C79566D003FE344 /* Debug */ = {
			isa = XCBuildConfiguration;
			buildSettings = {
				ASSETCATALOG_COMPILER_APPICON_NAME = AppIcon;
				ASSETCATALOG_COMPILER_GLOBAL_ACCENT_COLOR_NAME = AccentColor;
				CODE_SIGN_STYLE = Automatic;
				CURRENT_PROJECT_VERSION = 1;
				DEVELOPMENT_ASSET_PATHS = "\"Phosterity/Preview Content\"";
				DEVELOPMENT_TEAM = M2X7LT3N36;
				ENABLE_PREVIEWS = YES;
				GENERATE_INFOPLIST_FILE = YES;
				INFOPLIST_FILE = Phosterity/Info.plist;
				INFOPLIST_KEY_NSLocationWhenInUseUsageDescription = "Location used to remember where photos were taken.";
				INFOPLIST_KEY_UIApplicationSceneManifest_Generation = YES;
				INFOPLIST_KEY_UIApplicationSupportsIndirectInputEvents = YES;
				INFOPLIST_KEY_UILaunchScreen_Generation = YES;
				INFOPLIST_KEY_UISupportedInterfaceOrientations_iPad = "UIInterfaceOrientationPortrait UIInterfaceOrientationPortraitUpsideDown UIInterfaceOrientationLandscapeLeft UIInterfaceOrientationLandscapeRight";
				INFOPLIST_KEY_UISupportedInterfaceOrientations_iPhone = "UIInterfaceOrientationPortrait UIInterfaceOrientationLandscapeLeft UIInterfaceOrientationLandscapeRight";
				LD_RUNPATH_SEARCH_PATHS = (
					"$(inherited)",
					"@executable_path/Frameworks",
				);
				MARKETING_VERSION = 1.0;
				PRODUCT_BUNDLE_IDENTIFIER = com.tegandbiscuits.phosterity;
				PRODUCT_NAME = "$(TARGET_NAME)";
				SUPPORTED_PLATFORMS = "iphoneos iphonesimulator";
				SUPPORTS_MACCATALYST = NO;
				SUPPORTS_XR_DESIGNED_FOR_IPHONE_IPAD = NO;
				SWIFT_EMIT_LOC_STRINGS = YES;
				SWIFT_VERSION = 6.0;
				TARGETED_DEVICE_FAMILY = "1,2";
			};
			name = Debug;
		};
		5BFAE9702C79566D003FE344 /* Release */ = {
			isa = XCBuildConfiguration;
			buildSettings = {
				ASSETCATALOG_COMPILER_APPICON_NAME = AppIcon;
				ASSETCATALOG_COMPILER_GLOBAL_ACCENT_COLOR_NAME = AccentColor;
				CODE_SIGN_STYLE = Automatic;
				CURRENT_PROJECT_VERSION = 1;
				DEVELOPMENT_ASSET_PATHS = "\"Phosterity/Preview Content\"";
				DEVELOPMENT_TEAM = M2X7LT3N36;
				ENABLE_PREVIEWS = YES;
				GENERATE_INFOPLIST_FILE = YES;
				INFOPLIST_FILE = Phosterity/Info.plist;
				INFOPLIST_KEY_NSLocationWhenInUseUsageDescription = "Location used to remember where photos were taken.";
				INFOPLIST_KEY_UIApplicationSceneManifest_Generation = YES;
				INFOPLIST_KEY_UIApplicationSupportsIndirectInputEvents = YES;
				INFOPLIST_KEY_UILaunchScreen_Generation = YES;
				INFOPLIST_KEY_UISupportedInterfaceOrientations_iPad = "UIInterfaceOrientationPortrait UIInterfaceOrientationPortraitUpsideDown UIInterfaceOrientationLandscapeLeft UIInterfaceOrientationLandscapeRight";
				INFOPLIST_KEY_UISupportedInterfaceOrientations_iPhone = "UIInterfaceOrientationPortrait UIInterfaceOrientationLandscapeLeft UIInterfaceOrientationLandscapeRight";
				LD_RUNPATH_SEARCH_PATHS = (
					"$(inherited)",
					"@executable_path/Frameworks",
				);
				MARKETING_VERSION = 1.0;
				PRODUCT_BUNDLE_IDENTIFIER = com.tegandbiscuits.phosterity;
				PRODUCT_NAME = "$(TARGET_NAME)";
				SUPPORTED_PLATFORMS = "iphoneos iphonesimulator";
				SUPPORTS_MACCATALYST = NO;
				SUPPORTS_XR_DESIGNED_FOR_IPHONE_IPAD = NO;
				SWIFT_EMIT_LOC_STRINGS = YES;
				SWIFT_VERSION = 6.0;
				TARGETED_DEVICE_FAMILY = "1,2";
			};
			name = Release;
		};
		5BFAE9752C79566D003FE344 /* Debug */ = {
			isa = XCBuildConfiguration;
			buildSettings = {
				CODE_SIGN_STYLE = Automatic;
				CURRENT_PROJECT_VERSION = 1;
				DEVELOPMENT_TEAM = M2X7LT3N36;
				GENERATE_INFOPLIST_FILE = YES;
				MARKETING_VERSION = 1.0;
				PRODUCT_BUNDLE_IDENTIFIER = com.tegandbiscuits.PhosterityUITests;
				PRODUCT_NAME = "$(TARGET_NAME)";
				SWIFT_EMIT_LOC_STRINGS = NO;
				SWIFT_VERSION = 6.0;
				TARGETED_DEVICE_FAMILY = "1,2";
				TEST_TARGET_NAME = Phosterity;
			};
			name = Debug;
		};
		5BFAE9762C79566D003FE344 /* Release */ = {
			isa = XCBuildConfiguration;
			buildSettings = {
				CODE_SIGN_STYLE = Automatic;
				CURRENT_PROJECT_VERSION = 1;
				DEVELOPMENT_TEAM = M2X7LT3N36;
				GENERATE_INFOPLIST_FILE = YES;
				MARKETING_VERSION = 1.0;
				PRODUCT_BUNDLE_IDENTIFIER = com.tegandbiscuits.PhosterityUITests;
				PRODUCT_NAME = "$(TARGET_NAME)";
				SWIFT_EMIT_LOC_STRINGS = NO;
				SWIFT_VERSION = 6.0;
				TARGETED_DEVICE_FAMILY = "1,2";
				TEST_TARGET_NAME = Phosterity;
			};
			name = Release;
		};
/* End XCBuildConfiguration section */

/* Begin XCConfigurationList section */
		5B762BE42C9E66750004E86C /* Build configuration list for PBXNativeTarget "PhosterityTests" */ = {
			isa = XCConfigurationList;
			buildConfigurations = (
				5B762BE52C9E66750004E86C /* Debug */,
				5B762BE62C9E66750004E86C /* Release */,
			);
			defaultConfigurationIsVisible = 0;
			defaultConfigurationName = Release;
		};
		5BB86C572C9B926600D81390 /* Build configuration list for PBXNativeTarget "Mini Watch App" */ = {
			isa = XCConfigurationList;
			buildConfigurations = (
				5BB86C512C9B926600D81390 /* Debug */,
				5BB86C522C9B926600D81390 /* Release */,
			);
			defaultConfigurationIsVisible = 0;
			defaultConfigurationName = Release;
		};
		5BB86C582C9B926600D81390 /* Build configuration list for PBXNativeTarget "Mini Watch AppTests" */ = {
			isa = XCConfigurationList;
			buildConfigurations = (
				5BB86C532C9B926600D81390 /* Debug */,
				5BB86C542C9B926600D81390 /* Release */,
			);
			defaultConfigurationIsVisible = 0;
			defaultConfigurationName = Release;
		};
		5BB86C592C9B926600D81390 /* Build configuration list for PBXNativeTarget "Mini Watch AppUITests" */ = {
			isa = XCConfigurationList;
			buildConfigurations = (
				5BB86C552C9B926600D81390 /* Debug */,
				5BB86C562C9B926600D81390 /* Release */,
			);
			defaultConfigurationIsVisible = 0;
			defaultConfigurationName = Release;
		};
		5BFAE9432C79566C003FE344 /* Build configuration list for PBXProject "Phosterity" */ = {
			isa = XCConfigurationList;
			buildConfigurations = (
				5BFAE96C2C79566D003FE344 /* Debug */,
				5BFAE96D2C79566D003FE344 /* Release */,
			);
			defaultConfigurationIsVisible = 0;
			defaultConfigurationName = Release;
		};
		5BFAE96E2C79566D003FE344 /* Build configuration list for PBXNativeTarget "Phosterity" */ = {
			isa = XCConfigurationList;
			buildConfigurations = (
				5BFAE96F2C79566D003FE344 /* Debug */,
				5BFAE9702C79566D003FE344 /* Release */,
			);
			defaultConfigurationIsVisible = 0;
			defaultConfigurationName = Release;
		};
		5BFAE9742C79566D003FE344 /* Build configuration list for PBXNativeTarget "PhosterityUITests" */ = {
			isa = XCConfigurationList;
			buildConfigurations = (
				5BFAE9752C79566D003FE344 /* Debug */,
				5BFAE9762C79566D003FE344 /* Release */,
			);
			defaultConfigurationIsVisible = 0;
			defaultConfigurationName = Release;
		};
/* End XCConfigurationList section */

/* Begin XCRemoteSwiftPackageReference section */
		5B97CCC12C8BD2230067CFFF /* XCRemoteSwiftPackageReference "BottomSheet" */ = {
			isa = XCRemoteSwiftPackageReference;
			repositoryURL = "https://github.com/lucaszischka/BottomSheet";
			requirement = {
				kind = upToNextMajorVersion;
				minimumVersion = 3.1.1;
			};
		};
		5B9964B32C8A645700347354 /* XCRemoteSwiftPackageReference "SwiftLintPlugins" */ = {
			isa = XCRemoteSwiftPackageReference;
			repositoryURL = "https://github.com/SimplyDanny/SwiftLintPlugins";
			requirement = {
				kind = upToNextMajorVersion;
				minimumVersion = 0.56.2;
			};
		};
		5BD765332C9E6DE600C2DC45 /* XCRemoteSwiftPackageReference "ViewInspector" */ = {
			isa = XCRemoteSwiftPackageReference;
			repositoryURL = "https://github.com/nalexn/ViewInspector";
			requirement = {
				kind = upToNextMajorVersion;
				minimumVersion = 0.10.0;
			};
		};
/* End XCRemoteSwiftPackageReference section */

/* Begin XCSwiftPackageProductDependency section */
		5B01A99B2C8EBB8F0067773C /* Core */ = {
			isa = XCSwiftPackageProductDependency;
			productName = Core;
		};
		5B6817B82C9CA2830033E875 /* Core */ = {
			isa = XCSwiftPackageProductDependency;
			productName = Core;
		};
		5B762BD22C9E5E0D0004E86C /* SwiftLintBuildToolPlugin */ = {
			isa = XCSwiftPackageProductDependency;
			package = 5B9964B32C8A645700347354 /* XCRemoteSwiftPackageReference "SwiftLintPlugins" */;
			productName = "plugin:SwiftLintBuildToolPlugin";
		};
		5B762BD62C9E5E180004E86C /* SwiftLintBuildToolPlugin */ = {
			isa = XCSwiftPackageProductDependency;
			package = 5B9964B32C8A645700347354 /* XCRemoteSwiftPackageReference "SwiftLintPlugins" */;
			productName = "plugin:SwiftLintBuildToolPlugin";
		};
		5B762BD82C9E5E1C0004E86C /* SwiftLintBuildToolPlugin */ = {
			isa = XCSwiftPackageProductDependency;
			package = 5B9964B32C8A645700347354 /* XCRemoteSwiftPackageReference "SwiftLintPlugins" */;
			productName = "plugin:SwiftLintBuildToolPlugin";
		};
		5B97CCC22C8BD2650067CFFF /* BottomSheet */ = {
			isa = XCSwiftPackageProductDependency;
			package = 5B97CCC12C8BD2230067CFFF /* XCRemoteSwiftPackageReference "BottomSheet" */;
			productName = BottomSheet;
		};
		5B9964B42C8A64CE00347354 /* SwiftLintBuildToolPlugin */ = {
			isa = XCSwiftPackageProductDependency;
			package = 5B9964B32C8A645700347354 /* XCRemoteSwiftPackageReference "SwiftLintPlugins" */;
			productName = "plugin:SwiftLintBuildToolPlugin";
		};
		5BD765342C9E6DE600C2DC45 /* ViewInspector */ = {
			isa = XCSwiftPackageProductDependency;
			package = 5BD765332C9E6DE600C2DC45 /* XCRemoteSwiftPackageReference "ViewInspector" */;
			productName = ViewInspector;
		};
		5BE429EE2C9E596E0001AA29 /* SwiftLintBuildToolPlugin */ = {
			isa = XCSwiftPackageProductDependency;
			package = 5B9964B32C8A645700347354 /* XCRemoteSwiftPackageReference "SwiftLintPlugins" */;
			productName = "plugin:SwiftLintBuildToolPlugin";
		};
/* End XCSwiftPackageProductDependency section */
	};
	rootObject = 5BFAE9402C79566C003FE344 /* Project object */;
}
