{
  "originHash" : "a847a078c1f43516e5db47c3822ef9d623648cb3291fc32f3ed7986ecdd4455a",
  "pins" : [
    {
      "identity" : "bottomsheet",
      "kind" : "remoteSourceControl",
      "location" : "https://github.com/lucaszischka/BottomSheet",
      "state" : {
        "revision" : "720ddbd1371fef2a09cc1ab65fc503df37767f9c",
        "version" : "3.1.1"
      }
    },
    {
      "identity" : "swiftlintplugins",
      "kind" : "remoteSourceControl",
      "location" : "https://github.com/SimplyDanny/SwiftLintPlugins",
      "state" : {
        "revision" : "6c3d6c32a37224179dc290f21e03d1238f3d963b",
        "version" : "0.56.2"
      }
    }
  ],
  "version" : 3
}
